{
  "version": 4,
  "terraform_version": "0.12.24",
  "serial": 20,
  "lineage": "d0286356-2a05-7c04-7f3a-77276fefca95",
  "outputs": {},
  "resources": [
    {
      "mode": "data",
      "type": "oci_identity_availability_domain",
      "name": "ad",
      "provider": "provider.oci",
      "instances": [
        {
          "schema_version": 0,
          "attributes": {
            "ad_number": 1,
            "compartment_id": "ocid1.tenancy.oc1..aaaaaaaa2dtxmynfg573nzup6opm7wqmwixws6pwp6xgrumvpg43xzzag5la",
            "id": "ocid1.availabilitydomain.oc1..aaaaaaaakemzo4ywaynz573sk4jpvwuqi7vmcuxajxfv4jjj2pthez3j2hbq",
            "name": "Elyg:PHX-AD-1"
          }
        }
      ]
    },
    {
      "mode": "managed",
      "type": "oci_core_default_route_table",
      "name": "default_route_table",
      "provider": "provider.oci",
      "instances": [
        {
          "schema_version": 0,
          "attributes": {
            "defined_tags": {
              "Oracle-Tags.CreatedBy": "oracleidentitycloudservice/sjanarth@gmail.com",
              "Oracle-Tags.CreatedOn": "2020-06-08T06:10:14.239Z"
            },
            "display_name": "DefaultRouteTable",
            "freeform_tags": {},
            "id": "ocid1.routetable.oc1.phx.aaaaaaaayyvyelmqqlhgngaaoh6l3vrpvlc6ohzy4gvgj3hkwtdx55bfiqva",
            "manage_default_resource_id": "ocid1.routetable.oc1.phx.aaaaaaaayyvyelmqqlhgngaaoh6l3vrpvlc6ohzy4gvgj3hkwtdx55bfiqva",
            "route_rules": [
              {
                "cidr_block": "",
                "description": "",
                "destination": "0.0.0.0/0",
                "destination_type": "CIDR_BLOCK",
                "network_entity_id": "ocid1.internetgateway.oc1.phx.aaaaaaaaobvqpu4sywv66e2qrt43g2nya5xon5wxzcgcpkwv2tudxn2l7lca"
              }
            ],
            "state": "AVAILABLE",
            "time_created": "2020-06-08 06:10:14.254 +0000 UTC",
            "timeouts": null
          },
          "private": "eyJlMmJmYjczMC1lY2FhLTExZTYtOGY4OC0zNDM2M2JjN2M0YzAiOnsiY3JlYXRlIjo5MDAwMDAwMDAwMDAsImRlbGV0ZSI6OTAwMDAwMDAwMDAwLCJ1cGRhdGUiOjkwMDAwMDAwMDAwMH19",
          "dependencies": [
            "oci_core_internet_gateway.proinvestor_internet_gateway",
            "oci_core_vcn.proinvestor_vcn"
          ]
        }
      ]
    },
    {
      "mode": "managed",
      "type": "oci_core_instance",
      "name": "proinvestor_instance",
      "provider": "provider.oci",
      "instances": [
        {
          "schema_version": 0,
          "attributes": {
            "agent_config": [
              {
                "is_management_disabled": false,
                "is_monitoring_disabled": false
              }
            ],
            "availability_domain": "Elyg:PHX-AD-1",
            "boot_volume_id": "ocid1.bootvolume.oc1.phx.abyhqljsw26ayq55ahksjwavl6kiq3yibecp47dzmeqnfcklkmemafkc7ila",
            "compartment_id": "ocid1.compartment.oc1..aaaaaaaalvztb7qs6ilgm3yqh2jac35x47egoxdsywjtop47y23mbxpyrkoa",
            "create_vnic_details": [
              {
                "assign_public_ip": "true",
                "defined_tags": {
                  "Oracle-Tags.CreatedBy": "oracleidentitycloudservice/sjanarth@gmail.com",
                  "Oracle-Tags.CreatedOn": "2020-06-09T00:59:16.389Z"
                },
                "display_name": "Primaryvnic",
                "freeform_tags": {},
                "hostname_label": "proinvestor001",
                "nsg_ids": [],
                "private_ip": "10.1.20.4",
                "skip_source_dest_check": false,
                "subnet_id": "ocid1.subnet.oc1.phx.aaaaaaaa7sudo7gfawivbqgid6oxkw35py3huealhd3vquk6ocfxmwofe63q"
              }
            ],
            "dedicated_vm_host_id": null,
            "defined_tags": {
              "Oracle-Tags.CreatedBy": "oracleidentitycloudservice/sjanarth@gmail.com",
              "Oracle-Tags.CreatedOn": "2020-06-09T00:59:15.985Z"
            },
            "display_name": "ProInvestor",
            "extended_metadata": {},
            "fault_domain": "FAULT-DOMAIN-2",
            "freeform_tags": {},
            "hostname_label": "proinvestor001",
            "id": "ocid1.instance.oc1.phx.anyhqljsgtlligacorjdhuodjtkovbncb3ee2hh7nnbveyf3uq5aes7qtona",
            "image": "ocid1.image.oc1.phx.aaaaaaaakgt35lyfplkaitq2v23fj4ixoeu2vsfsazaemdwhailydl6wyiia",
            "ipxe_script": null,
            "is_pv_encryption_in_transit_enabled": null,
            "launch_mode": "NATIVE",
            "launch_options": [
              {
                "boot_volume_type": "PARAVIRTUALIZED",
                "firmware": "UEFI_64",
                "is_consistent_volume_naming_enabled": true,
                "is_pv_encryption_in_transit_enabled": false,
                "network_type": "PARAVIRTUALIZED",
                "remote_data_volume_type": "PARAVIRTUALIZED"
              }
            ],
            "metadata": {
              "ssh_authorized_keys": "ssh-rsa AAAAB3NzaC1yc2EAAAADAQABAAABAQC9UaVHt5aHaoHqUj7qwXck4AxLEUcaeA7PCtpz1ajqUz3R2yzMERjyXZts6GXLMnLUqb7/qD+e7Sbe9cI98lLHg6CqSj+pnz8sx7JUg2UqnH+477ukH4iITZ9/XZkmSH9/79vlM2tAAaszXEqi19G1IpI5l7lln/DLMtwgrg48WweMTAJgS1jz1DGFTv/+DhwFpa0XZmz62nK5V9BMXdVjJTgGSiysVuCIzyxekDQPmWCoH+1w+zFPFWuvYnGWo+gQJbNtQyg0uQe3VxAX2igVOgMU29cXbfJryrnU1KpFQzIrJODZGpi8VI2PY554Yt72jc4CfGm3J4Rb7CvZMaTN proinvestor",
              "user_data": "LS0tLS1CRUdJTiBSU0EgUFJJVkFURSBLRVktLS0tLQpNSUlFb3dJQkFBS0NBUUVBdlZHbFI3ZVdoMnFCNmxJKzZzRjNKT0FNU3hGSEduZ096d3JhYzlXbzZsTTkwZHNzCnpCRVk4bDJiYk9obHl6SnkxS20rLzZnL251MG0zdlhDUGZKU3g0T2dxa28vcVo4L0xNZXlWSU5sS3B4L3VPKzcKcEIrSWlFMmZmMTJaSmtoL2YrL2I1VE5yUUFHck0xeEtvdGZSdFNLU09aZTVaWi93eXpMY0lLNE9QRnNIakV3QwpZRXRZODlReGhVNy8vZzRjQmFXdEYyWnMrdHB5dVZmUVRGM1ZZeVU0Qmtvc3JGYmdpTThzWHBBMEQ1bGdxQi90CmNQc3hUeFZycjJKeGxxUG9FQ1d6YlVNb05Ma0h0MWNRRjlvb0ZUb0RGTnZYRjIzeWE4cTUxTlNxUlVNeUt5VGcKMlJxWXZGU05qMk9lZUdMZTlvM09BbnhwdHllRVcrd3IyVEdrelFJREFRQUJBb0lCQVFDWnpJOUNNUElYOXIydQpGN3pIUi80N3Rjd20yOVZ3dW1JRmJ5TERBYXRsR2RUWi9IMXJGdVMyV0xkZ2hYZlUySm9UREFkL2VEYWZMTGZzClg2aTZYSGRGWURpUXZ4cnkrTTBBMndhVHc5N1cvQ2FDbmpkSkFOa1JLa1pOMlVNR3A5VDBvVzU1eUFqMENhY0UKWlpDNHRDM0lRbHFhY1JrTFp5RGVZdVlUb25Nc01ieXByRGhydzAxTTRPcnNyU2NiOEN3V2hibUZEREJ1QklGTApqK3dtdjl4YW9mUjU5Y0xCamJxR0pGMVFpVGV5bGFrQTB1RC9PZVZacElGOWh1cTVtSm9tUGdlWVM5QklVRU5aCkhwTmV3cmZkVEovNkJvWS9Tbkl5V1lxK3BacWNaQlU3QVJhQlZRRVg4aDB1b3l6R0hwK0NVUE1xSU9mRWE0VUMKU1BreWtRL2RBb0dCQU80SDE1SFdlOVNlbnI4b2ZZVDgrWTBLWi9zVVp1d1pyV0dIaG9iUnByemhRaXhiaVd0QwprUWRCbTl5NW9NYnZqajE3WHNJRWMzS3h2QTdkU1hRMUY0SVhaMmQ1cXh1SFYrMk5KZVRiSWdMZnRiTnFNbjhuClpTWTZCVzFJZXZQSEhFL0NMQlFITDV2Nk1MVVR3b24xcW1nU1o4VStrYlduSEJxK1kzUDdvMWtyQW9HQkFNdWMKWjluWWM3dytRTGF0SjhnRXluMnY5VDBQVjZscHE1Wk1YamhyeHBQNlc2U0RzWnhVY2hLcndLMnZtM0FxUEVWVgo3SXZmcFpqQmtPbWFmTVZhRzc3Tko2K3kyNFdlMU4wL0RrWEVsVGxyR1RSV2V0RWM5SWh6YnpjU3g2ZHA5Vm5UCkNZUWo0TStWbXJUdzVKWkd1YVlvUm9nSlZaR2lMWVFVMGExclR3M25Bb0dBRm8vZnV3OGRoYlhUVGtORVFvckkKRExwanlNVFNUS2JTYkdBd1BDODdJc1FuUlpVWG5YY2QwQlpEODlRVWpVYS9zTXcwMnljWTJsSkdoUklzbUR0QQpFekNzdUg0cjNkd2lWWDMvallYSDM0WGM3eml0dUtlL1NyUk5OMktiWk9nR292akF2TlZCaWdOWkFwRHc2NnJCCmtFUE9Xai9vQjlQak1oWEJ6NGlXbnlrQ2dZQUtmcXRUclRaNTgzTitkdnBmOHU5RS96YlN5T0dwMThxQ1dybFkKaXlXWEp3Wm1PbXVETlU4VDYwcHBLVzRIb0FXdlJUaUdGU2NCOHFnM2drRUFJeDdlL05BWTNFMDRXL0Y0M2ZFcwpZMitWb0JHU2d3cWRrTEtCL2dFemc0SksvTWtxc2hnQmVaL3kwekZBTmxKeDlIOUpNelkvZU11eVQvdXNuUzRaCmxEaGs3UUtCZ0FrQWN6SzhmVWNyVGIrWm1CSUlYU2RoRTR0RGpNSFBiU1Q0WGJ4TWx1T1BIWEE3TmMvWFNHR2QKcStYMnhCWlF6MEFHNlBqTHJzRnBRT1BPVmk3RnhjcEdkbVRvenYyckFWaEtMNFVlMldFNTFNZ2xpK1J6a3JTSwpZM2Rsc1l6TEt2ek9UbExGU0doMVRxSzd6ZGVMNlJOUkVvWEtHbXJ4WUFUWitDTkpWQ254Ci0tLS0tRU5EIFJTQSBQUklWQVRFIEtFWS0tLS0tCg=="
            },
            "preserve_boot_volume": null,
            "private_ip": "10.1.20.4",
            "public_ip": "158.101.36.5",
            "region": "phx",
            "shape": "VM.Standard2.1",
            "shape_config": [
              {
                "gpu_description": "",
                "gpus": 0,
                "local_disk_description": "",
                "local_disks": 0,
                "local_disks_total_size_in_gbs": 0,
                "max_vnic_attachments": 2,
                "memory_in_gbs": 15,
                "networking_bandwidth_in_gbps": 1,
                "ocpus": 1,
                "processor_description": "2.0 GHz Intel® Xeon® Platinum 8167M (Skylake)"
              }
            ],
            "source_details": [
              {
                "boot_volume_size_in_gbs": "47",
                "kms_key_id": "",
                "source_id": "ocid1.image.oc1.phx.aaaaaaaakgt35lyfplkaitq2v23fj4ixoeu2vsfsazaemdwhailydl6wyiia",
                "source_type": "image"
              }
            ],
            "state": "RUNNING",
            "subnet_id": "ocid1.subnet.oc1.phx.aaaaaaaa7sudo7gfawivbqgid6oxkw35py3huealhd3vquk6ocfxmwofe63q",
            "system_tags": {},
            "time_created": "2020-06-09 00:59:17.174 +0000 UTC",
            "time_maintenance_reboot_due": "",
            "timeouts": null
          },
          "private": "eyJlMmJmYjczMC1lY2FhLTExZTYtOGY4OC0zNDM2M2JjN2M0YzAiOnsiY3JlYXRlIjo3MjAwMDAwMDAwMDAwLCJkZWxldGUiOjcyMDAwMDAwMDAwMDAsInVwZGF0ZSI6NzIwMDAwMDAwMDAwMH19",
          "dependencies": [
            "oci_core_subnet.proinvestor_subnet"
          ]
        }
      ]
    },
    {
      "mode": "managed",
      "type": "oci_core_internet_gateway",
      "name": "proinvestor_internet_gateway",
      "provider": "provider.oci",
      "instances": [
        {
          "schema_version": 0,
          "attributes": {
            "compartment_id": "ocid1.compartment.oc1..aaaaaaaalvztb7qs6ilgm3yqh2jac35x47egoxdsywjtop47y23mbxpyrkoa",
            "defined_tags": {
              "Oracle-Tags.CreatedBy": "oracleidentitycloudservice/sjanarth@gmail.com",
              "Oracle-Tags.CreatedOn": "2020-06-08T06:46:55.214Z"
            },
            "display_name": "ProInvestorInternetGateway",
            "enabled": true,
            "freeform_tags": {},
            "id": "ocid1.internetgateway.oc1.phx.aaaaaaaaobvqpu4sywv66e2qrt43g2nya5xon5wxzcgcpkwv2tudxn2l7lca",
            "state": "AVAILABLE",
            "time_created": "2020-06-08 06:46:55.236 +0000 UTC",
            "timeouts": null,
            "vcn_id": "ocid1.vcn.oc1.phx.amaaaaaagtlligaayts62scp27msqtturtqsgsyxqdlemxr4jtfrvjw7yw5q"
          },
          "private": "eyJlMmJmYjczMC1lY2FhLTExZTYtOGY4OC0zNDM2M2JjN2M0YzAiOnsiY3JlYXRlIjo5MDAwMDAwMDAwMDAsImRlbGV0ZSI6OTAwMDAwMDAwMDAwLCJ1cGRhdGUiOjkwMDAwMDAwMDAwMH19",
          "dependencies": [
            "oci_core_vcn.proinvestor_vcn"
          ]
        }
      ]
    },
    {
      "mode": "managed",
      "type": "oci_core_security_list",
      "name": "proinvestor_security_list",
      "provider": "provider.oci",
      "instances": [
        {
          "schema_version": 0,
          "attributes": {
            "compartment_id": "ocid1.compartment.oc1..aaaaaaaalvztb7qs6ilgm3yqh2jac35x47egoxdsywjtop47y23mbxpyrkoa",
            "defined_tags": {
              "Oracle-Tags.CreatedBy": "oracleidentitycloudservice/sjanarth@gmail.com",
              "Oracle-Tags.CreatedOn": "2020-06-09T01:23:33.115Z"
            },
            "display_name": "DefaultSecurityList",
            "egress_security_rules": [],
            "freeform_tags": {},
            "id": "ocid1.securitylist.oc1.phx.aaaaaaaa2rqonc42zkhehj4yx4r4zkdd4yenjovzkvkiyj5kqzovf3mnpjgq",
            "ingress_security_rules": [
              {
                "description": "",
                "icmp_options": [],
                "protocol": "6",
                "source": "0.0.0.0/0",
                "source_type": "CIDR_BLOCK",
                "stateless": false,
                "tcp_options": [],
                "udp_options": []
              }
            ],
            "state": "AVAILABLE",
            "time_created": "2020-06-09 01:23:33.126 +0000 UTC",
            "timeouts": null,
            "vcn_id": "ocid1.vcn.oc1.phx.amaaaaaagtlligaayts62scp27msqtturtqsgsyxqdlemxr4jtfrvjw7yw5q"
          },
          "private": "eyJlMmJmYjczMC1lY2FhLTExZTYtOGY4OC0zNDM2M2JjN2M0YzAiOnsiY3JlYXRlIjo5MDAwMDAwMDAwMDAsImRlbGV0ZSI6OTAwMDAwMDAwMDAwLCJ1cGRhdGUiOjkwMDAwMDAwMDAwMH19",
          "dependencies": [
            "oci_core_vcn.proinvestor_vcn"
          ]
        }
      ]
    },
    {
      "mode": "managed",
      "type": "oci_core_subnet",
      "name": "proinvestor_subnet",
      "provider": "provider.oci",
      "instances": [
        {
          "schema_version": 0,
          "attributes": {
            "availability_domain": "Elyg:PHX-AD-1",
            "cidr_block": "10.1.20.0/24",
            "compartment_id": "ocid1.compartment.oc1..aaaaaaaalvztb7qs6ilgm3yqh2jac35x47egoxdsywjtop47y23mbxpyrkoa",
            "defined_tags": {
              "Oracle-Tags.CreatedBy": "oracleidentitycloudservice/sjanarth@gmail.com",
              "Oracle-Tags.CreatedOn": "2020-06-08T06:55:25.057Z"
            },
            "dhcp_options_id": "ocid1.dhcpoptions.oc1.phx.aaaaaaaa7aadhyxuvzegrzi7j32vlsb5gxafv6bjmp3iuthpb22hjpjvrpbq",
            "display_name": "ProInvestorSubnet",
            "dns_label": "proinvestorsub",
            "freeform_tags": {},
            "id": "ocid1.subnet.oc1.phx.aaaaaaaa7sudo7gfawivbqgid6oxkw35py3huealhd3vquk6ocfxmwofe63q",
            "ipv6cidr_block": null,
            "ipv6public_cidr_block": null,
            "ipv6virtual_router_ip": null,
            "prohibit_public_ip_on_vnic": false,
            "route_table_id": "ocid1.routetable.oc1.phx.aaaaaaaayyvyelmqqlhgngaaoh6l3vrpvlc6ohzy4gvgj3hkwtdx55bfiqva",
            "security_list_ids": [
              "ocid1.securitylist.oc1.phx.aaaaaaaaniafav5gevh3zrm4ugrlocjhsfdje7bwer2jatno7mktsrbwqn7a"
            ],
            "state": "AVAILABLE",
            "subnet_domain_name": "proinvestorsub.proinvestorvcn.oraclevcn.com",
            "time_created": "2020-06-08 06:55:25.092 +0000 UTC",
            "timeouts": null,
            "vcn_id": "ocid1.vcn.oc1.phx.amaaaaaagtlligaayts62scp27msqtturtqsgsyxqdlemxr4jtfrvjw7yw5q",
            "virtual_router_ip": "10.1.20.1",
            "virtual_router_mac": "00:00:17:F5:69:74"
          },
          "private": "eyJlMmJmYjczMC1lY2FhLTExZTYtOGY4OC0zNDM2M2JjN2M0YzAiOnsiY3JlYXRlIjo5MDAwMDAwMDAwMDAsImRlbGV0ZSI6OTAwMDAwMDAwMDAwLCJ1cGRhdGUiOjkwMDAwMDAwMDAwMH19",
          "dependencies": [
            "oci_core_vcn.proinvestor_vcn"
          ]
        }
      ]
    },
    {
      "mode": "managed",
      "type": "oci_core_vcn",
      "name": "proinvestor_vcn",
      "provider": "provider.oci",
      "instances": [
        {
          "schema_version": 0,
          "attributes": {
            "cidr_block": "10.1.0.0/16",
            "compartment_id": "ocid1.compartment.oc1..aaaaaaaalvztb7qs6ilgm3yqh2jac35x47egoxdsywjtop47y23mbxpyrkoa",
            "default_dhcp_options_id": "ocid1.dhcpoptions.oc1.phx.aaaaaaaa7aadhyxuvzegrzi7j32vlsb5gxafv6bjmp3iuthpb22hjpjvrpbq",
            "default_route_table_id": "ocid1.routetable.oc1.phx.aaaaaaaayyvyelmqqlhgngaaoh6l3vrpvlc6ohzy4gvgj3hkwtdx55bfiqva",
            "default_security_list_id": "ocid1.securitylist.oc1.phx.aaaaaaaaniafav5gevh3zrm4ugrlocjhsfdje7bwer2jatno7mktsrbwqn7a",
            "defined_tags": {
              "Oracle-Tags.CreatedBy": "oracleidentitycloudservice/sjanarth@gmail.com",
              "Oracle-Tags.CreatedOn": "2020-06-08T06:10:14.239Z"
            },
            "display_name": "ProInvestorVcn",
            "dns_label": "proinvestorvcn",
            "freeform_tags": {},
            "id": "ocid1.vcn.oc1.phx.amaaaaaagtlligaayts62scp27msqtturtqsgsyxqdlemxr4jtfrvjw7yw5q",
            "ipv6cidr_block": null,
            "ipv6public_cidr_block": null,
            "is_ipv6enabled": null,
            "state": "AVAILABLE",
            "time_created": "2020-06-08 06:10:14.254 +0000 UTC",
            "timeouts": null,
            "vcn_domain_name": "proinvestorvcn.oraclevcn.com"
          },
          "private": "eyJlMmJmYjczMC1lY2FhLTExZTYtOGY4OC0zNDM2M2JjN2M0YzAiOnsiY3JlYXRlIjo5MDAwMDAwMDAwMDAsImRlbGV0ZSI6OTAwMDAwMDAwMDAwLCJ1cGRhdGUiOjkwMDAwMDAwMDAwMH19"
        }
      ]
    }
  ]
}
